Microsoft Visual Studio Solution File, Format Version 12.00
# Visual Studio Version 17
VisualStudioVersion = 17.5.2.0
MinimumVisualStudioVersion = 10.0.40219.1
Project("{FAE04EC0-301F-11D3-BF4B-00C04F79EFBC}") = "BackTeam7", "BackTeam7.csproj", "{F32C5A70-F272-4729-6F6A-F996C3643801}"
EndProject
Global
	GlobalSection(SolutionConfigurationPlatforms) = preSolution
		Debug|Any CPU = Debug|Any CPU
		Release|Any CPU = Release|Any CPU
	EndGlobalSection
	GlobalSection(ProjectConfigurationPlatforms) = postSolution
		{F32C5A70-F272-4729-6F6A-F996C3643801}.Debug|Any CPU.ActiveCfg = Debug|Any CPU
		{F32C5A70-F272-4729-6F6A-F996C3643801}.Debug|Any CPU.Build.0 = Debug|Any CPU
		{F32C5A70-F272-4729-6F6A-F996C3643801}.Release|Any CPU.ActiveCfg = Release|Any CPU
		{F32C5A70-F272-4729-6F6A-F996C3643801}.Release|Any CPU.Build.0 = Release|Any CPU
	EndGlobalSection
	GlobalSection(SolutionProperties) = preSolution
		HideSolutionNode = FALSE
	EndGlobalSection
	GlobalSection(ExtensibilityGlobals) = postSolution
		SolutionGuid = {914E28EA-DBE8-4435-96BA-0BC2EF52153C}
	EndGlobalSection
EndGlobal
